
Microsoft Visual Studio Solution File, Format Version 12.00
# Visual Studio Version 17
VisualStudioVersion = 17.0.32112.339
MinimumVisualStudioVersion = 10.0.40219.1
Project("{FAE04EC0-301F-11D3-BF4B-00C04F79EFBC}") = "2020UL601EquiposWebAPI", "2020UL601EquiposWebAPI\2020UL601EquiposWebAPI.csproj", "{8C586D03-BA05-495E-B862-3D220001BB0C}"
EndProject
Global
	GlobalSection(SolutionConfigurationPlatforms) = preSolution
		Debug|Any CPU = Debug|Any CPU
		Release|Any CPU = Release|Any CPU
	EndGlobalSection
	GlobalSection(ProjectConfigurationPlatforms) = postSolution
		{8C586D03-BA05-495E-B862-3D220001BB0C}.Debug|Any CPU.ActiveCfg = Debug|Any CPU
		{8C586D03-BA05-495E-B862-3D220001BB0C}.Debug|Any CPU.Build.0 = Debug|Any CPU
		{8C586D03-BA05-495E-B862-3D220001BB0C}.Release|Any CPU.ActiveCfg = Release|Any CPU
		{8C586D03-BA05-495E-B862-3D220001BB0C}.Release|Any CPU.Build.0 = Release|Any CPU
	EndGlobalSection
	GlobalSection(SolutionProperties) = preSolution
		HideSolutionNode = FALSE
	EndGlobalSection
	GlobalSection(ExtensibilityGlobals) = postSolution
		SolutionGuid = {14ABE386-B793-4D0B-916D-8CB61216D78F}
	EndGlobalSection
EndGlobal
